
Microsoft Visual Studio Solution File, Format Version 12.00
# Visual Studio 15
VisualStudioVersion = 15.0.27004.2006
MinimumVisualStudioVersion = 10.0.40219.1
Project("{9A19103F-16F7-4668-BE54-9A1E7A4F7556}") = "PureCore", "PureCore\PureCore.csproj", "{966213A9-E998-4F2A-94EC-52DC00FD1271}"
EndProject
Project("{9A19103F-16F7-4668-BE54-9A1E7A4F7556}") = "PureVM", "PureVM\PureVM.csproj", "{5780E41B-F8B0-46C1-AA9D-3E19C1906ED9}"
EndProject
Project("{FAE04EC0-301F-11D3-BF4B-00C04F79EFBC}") = "PureWallet", "PureWallet\PureWallet.csproj", "{03D69E44-C527-47E6-A9E8-CAFC417D4D62}"
EndProject
Global
	GlobalSection(SolutionConfigurationPlatforms) = preSolution
		Debug|Any CPU = Debug|Any CPU
		Release|Any CPU = Release|Any CPU
	EndGlobalSection
	GlobalSection(ProjectConfigurationPlatforms) = postSolution
		{966213A9-E998-4F2A-94EC-52DC00FD1271}.Debug|Any CPU.ActiveCfg = Debug|Any CPU
		{966213A9-E998-4F2A-94EC-52DC00FD1271}.Debug|Any CPU.Build.0 = Debug|Any CPU
		{966213A9-E998-4F2A-94EC-52DC00FD1271}.Release|Any CPU.ActiveCfg = Release|Any CPU
		{966213A9-E998-4F2A-94EC-52DC00FD1271}.Release|Any CPU.Build.0 = Release|Any CPU
		{5780E41B-F8B0-46C1-AA9D-3E19C1906ED9}.Debug|Any CPU.ActiveCfg = Debug|Any CPU
		{5780E41B-F8B0-46C1-AA9D-3E19C1906ED9}.Debug|Any CPU.Build.0 = Debug|Any CPU
		{5780E41B-F8B0-46C1-AA9D-3E19C1906ED9}.Release|Any CPU.ActiveCfg = Release|Any CPU
		{5780E41B-F8B0-46C1-AA9D-3E19C1906ED9}.Release|Any CPU.Build.0 = Release|Any CPU
		{03D69E44-C527-47E6-A9E8-CAFC417D4D62}.Debug|Any CPU.ActiveCfg = Debug|Any CPU
		{03D69E44-C527-47E6-A9E8-CAFC417D4D62}.Debug|Any CPU.Build.0 = Debug|Any CPU
		{03D69E44-C527-47E6-A9E8-CAFC417D4D62}.Release|Any CPU.ActiveCfg = Release|Any CPU
		{03D69E44-C527-47E6-A9E8-CAFC417D4D62}.Release|Any CPU.Build.0 = Release|Any CPU
	EndGlobalSection
	GlobalSection(SolutionProperties) = preSolution
		HideSolutionNode = FALSE
	EndGlobalSection
	GlobalSection(ExtensibilityGlobals) = postSolution
		SolutionGuid = {5C4AD33F-932A-4F29-8194-3CACC93D7314}
	EndGlobalSection
EndGlobal
